
Microsoft Visual Studio Solution File, Format Version 12.00
# Visual Studio Version 17
VisualStudioVersion = 17.14.36127.28
MinimumVisualStudioVersion = 10.0.40219.1
Project("{FAE04EC0-301F-11D3-BF4B-00C04F79EFBC}") = "YouFinanceIt", "YouFinanceIt.csproj", "{43719CF6-FFA6-3621-68E0-E982F020EA41}"
EndProject
Project("{FAE04EC0-301F-11D3-BF4B-00C04F79EFBC}") = "YouFinanceItTests", "..\YouFinanceItTests\YouFinanceItTests.csproj", "{8750376D-5C5E-4FDE-BCC3-4D0BB3E8C132}"
EndProject
Global
	GlobalSection(SolutionConfigurationPlatforms) = preSolution
		Debug|Any CPU = Debug|Any CPU
		Release|Any CPU = Release|Any CPU
	EndGlobalSection
	GlobalSection(ProjectConfigurationPlatforms) = postSolution
		{43719CF6-FFA6-3621-68E0-E982F020EA41}.Debug|Any CPU.ActiveCfg = Debug|Any CPU
		{43719CF6-FFA6-3621-68E0-E982F020EA41}.Debug|Any CPU.Build.0 = Debug|Any CPU
		{43719CF6-FFA6-3621-68E0-E982F020EA41}.Release|Any CPU.ActiveCfg = Release|Any CPU
		{43719CF6-FFA6-3621-68E0-E982F020EA41}.Release|Any CPU.Build.0 = Release|Any CPU
		{8750376D-5C5E-4FDE-BCC3-4D0BB3E8C132}.Debug|Any CPU.ActiveCfg = Debug|Any CPU
		{8750376D-5C5E-4FDE-BCC3-4D0BB3E8C132}.Debug|Any CPU.Build.0 = Debug|Any CPU
		{8750376D-5C5E-4FDE-BCC3-4D0BB3E8C132}.Release|Any CPU.ActiveCfg = Release|Any CPU
		{8750376D-5C5E-4FDE-BCC3-4D0BB3E8C132}.Release|Any CPU.Build.0 = Release|Any CPU
	EndGlobalSection
	GlobalSection(SolutionProperties) = preSolution
		HideSolutionNode = FALSE
	EndGlobalSection
	GlobalSection(ExtensibilityGlobals) = postSolution
		SolutionGuid = {4E924423-5AF1-4CCC-BC4E-6A2B6E6179EA}
	EndGlobalSection
EndGlobal
